PODS:
  - R.swift (5.1.0):
    - R.swift.Library (~> 5.1.0)
  - R.swift.Library (5.1.0)
  - SnapKit (5.0.1)
  - SwiftHTTP (3.0.1)

DEPENDENCIES:
  - R.swift
  - SnapKit
  - SwiftHTTP (~> 3.0.1)

SPEC REPOS:
  trunk:
    - R.swift
    - R.swift.Library
    - SnapKit
    - SwiftHTTP

SPEC CHECKSUMS:
  R.swift: 8cbc4fc69b740305b6a17c8a8ed968eb788962d9
  R.swift.Library: fa85ce1e0d0b7e818cd9e080df910ba54d2776cc
  SnapKit: 97b92857e3df3a0c71833cce143274bf6ef8e5eb
  SwiftHTTP: e94f1aa8cde58637dcc0100f6349de31a3337fde

PODFILE CHECKSUM: 4a96612a6629ecc3167eab7e95d689059a3b8196

COCOAPODS: 1.9.1
