// !$*UTF8*$!
{
	archiveVersion = 1;
	classes = {
	};
	objectVersion = 51;
	objects = {

/* Begin PBXBuildFile section */
		CA0BA78F245A63FB00A9F992 /* UIApplication+endEditing.swift in Sources */ = {isa = PBXBuildFile; fileRef = CA0BA78E245A63FB00A9F992 /* UIApplication+endEditing.swift */; };
		CA0BA791245A6CBF00A9F992 /* DismissingKeyboard.swift in Sources */ = {isa = PBXBuildFile; fileRef = CA0BA790245A6CBF00A9F992 /* DismissingKeyboard.swift */; };
		CA38BCFA245D9E25009EF2EF /* InputPhoneController.swift in Sources */ = {isa = PBXBuildFile; fileRef = CA38BCF9245D9E25009EF2EF /* InputPhoneController.swift */; };
		CA63B444245DA04600AFC7EF /* InputSmsView.swift in Sources */ = {isa = PBXBuildFile; fileRef = CA63B443245DA04600AFC7EF /* InputSmsView.swift */; };
		CA63B446245DA05F00AFC7EF /* RegistrationView.swift in Sources */ = {isa = PBXBuildFile; fileRef = CA63B445245DA05F00AFC7EF /* RegistrationView.swift */; };
		CA63B448245DA60600AFC7EF /* Color+Hex.swift in Sources */ = {isa = PBXBuildFile; fileRef = CA63B447245DA60600AFC7EF /* Color+Hex.swift */; };
		CA780C50245BC7560052D65B /* Links.swift in Sources */ = {isa = PBXBuildFile; fileRef = CA780C4F245BC7560052D65B /* Links.swift */; };
		CA780C52245BC8D70052D65B /* SmsService.swift in Sources */ = {isa = PBXBuildFile; fileRef = CA780C51245BC8D70052D65B /* SmsService.swift */; };
		CA88E6A3245E56BF00C15809 /* AccountType.swift in Sources */ = {isa = PBXBuildFile; fileRef = CA88E6A2245E56BF00C15809 /* AccountType.swift */; };
		CA88E6A5245EEB2A00C15809 /* RegistrationViewTest.swift in Sources */ = {isa = PBXBuildFile; fileRef = CA88E6A4245EEB2A00C15809 /* RegistrationViewTest.swift */; };
		CA9EBF13245A2EEC00380442 /* R.generated.swift in Sources */ = {isa = PBXBuildFile; fileRef = CA9EBF12245A2EEC00380442 /* R.generated.swift */; };
		CA9EBF17245A428500380442 /* Colors.swift in Sources */ = {isa = PBXBuildFile; fileRef = CA9EBF16245A428500380442 /* Colors.swift */; };
		CAB484D4245E069C00F31870 /* UserDefaultList.swift in Sources */ = {isa = PBXBuildFile; fileRef = CAB484D3245E069C00F31870 /* UserDefaultList.swift */; };
		CAC37EAB245E287F00BEB7D6 /* String+Random.swift in Sources */ = {isa = PBXBuildFile; fileRef = CAC37EAA245E287F00BEB7D6 /* String+Random.swift */; };
		CAC37EAE245E2D1200BEB7D6 /* ProfilePilotView.swift in Sources */ = {isa = PBXBuildFile; fileRef = CAC37EAD245E2D1200BEB7D6 /* ProfilePilotView.swift */; };
		CAC37EB0245E2D2200BEB7D6 /* ProfileOwnerView.swift in Sources */ = {isa = PBXBuildFile; fileRef = CAC37EAF245E2D2200BEB7D6 /* ProfileOwnerView.swift */; };
		CAC37EB2245E2D3100BEB7D6 /* ProfilePassengerView.swift in Sources */ = {isa = PBXBuildFile; fileRef = CAC37EB1245E2D3100BEB7D6 /* ProfilePassengerView.swift */; };
		CAC37EB4245E2E1700BEB7D6 /* ProfileTemplateDelete.swift in Sources */ = {isa = PBXBuildFile; fileRef = CAC37EB3245E2E1700BEB7D6 /* ProfileTemplateDelete.swift */; };
		CAC37EB9245E41D800BEB7D6 /* BaseApplyButtonView.swift in Sources */ = {isa = PBXBuildFile; fileRef = CAC37EB8245E41D800BEB7D6 /* BaseApplyButtonView.swift */; };
		CAE0A794245D04E600224FED /* StatusResponse.swift in Sources */ = {isa = PBXBuildFile; fileRef = CAE0A793245D04E600224FED /* StatusResponse.swift */; };
		CAFE7B27245A211100167140 /* AppDelegate.swift in Sources */ = {isa = PBXBuildFile; fileRef = CAFE7B26245A211100167140 /* AppDelegate.swift */; };
		CAFE7B29245A211100167140 /* SceneDelegate.swift in Sources */ = {isa = PBXBuildFile; fileRef = CAFE7B28245A211100167140 /* SceneDelegate.swift */; };
		CAFE7B2B245A211100167140 /* InputPhoneView.swift in Sources */ = {isa = PBXBuildFile; fileRef = CAFE7B2A245A211100167140 /* InputPhoneView.swift */; };
		CAFE7B2D245A211300167140 /* Assets.xcassets in Resources */ = {isa = PBXBuildFile; fileRef = CAFE7B2C245A211300167140 /* Assets.xcassets */; };
		CAFE7B30245A211300167140 /* Preview Assets.xcassets in Resources */ = {isa = PBXBuildFile; fileRef = CAFE7B2F245A211300167140 /* Preview Assets.xcassets */; };
		CAFE7B33245A211300167140 /* LaunchScreen.storyboard in Resources */ = {isa = PBXBuildFile; fileRef = CAFE7B31245A211300167140 /* LaunchScreen.storyboard */; };
		D7943DA5329FD04339FA6950 /* Pods_Plane_Rent.framework in Frameworks */ = {isa = PBXBuildFile; fileRef = CFC794689D48A2593D75BECE /* Pods_Plane_Rent.framework */; };
/* End PBXBuildFile section */

/* Begin PBXFileReference section */
		C0E1DEFAD280620FA7BB0981 /* Pods-Plane Rent.release.xcconfig */ = {isa = PBXFileReference; includeInIndex = 1; lastKnownFileType = text.xcconfig; name = "Pods-Plane Rent.release.xcconfig"; path = "Target Support Files/Pods-Plane Rent/Pods-Plane Rent.release.xcconfig"; sourceTree = "<group>"; };
		CA0BA78E245A63FB00A9F992 /* UIApplication+endEditing.swift */ = {isa = PBXFileReference; lastKnownFileType = sourcecode.swift; path = "UIApplication+endEditing.swift"; sourceTree = "<group>"; };
		CA0BA790245A6CBF00A9F992 /* DismissingKeyboard.swift */ = {isa = PBXFileReference; lastKnownFileType = sourcecode.swift; path = DismissingKeyboard.swift; sourceTree = "<group>"; };
		CA38BCF9245D9E25009EF2EF /* InputPhoneController.swift */ = {isa = PBXFileReference; lastKnownFileType = sourcecode.swift; path = InputPhoneController.swift; sourceTree = "<group>"; };
		CA63B443245DA04600AFC7EF /* InputSmsView.swift */ = {isa = PBXFileReference; lastKnownFileType = sourcecode.swift; path = InputSmsView.swift; sourceTree = "<group>"; };
		CA63B445245DA05F00AFC7EF /* RegistrationView.swift */ = {isa = PBXFileReference; lastKnownFileType = sourcecode.swift; path = RegistrationView.swift; sourceTree = "<group>"; };
		CA63B447245DA60600AFC7EF /* Color+Hex.swift */ = {isa = PBXFileReference; lastKnownFileType = sourcecode.swift; path = "Color+Hex.swift"; sourceTree = "<group>"; };
		CA780C4F245BC7560052D65B /* Links.swift */ = {isa = PBXFileReference; lastKnownFileType = sourcecode.swift; path = Links.swift; sourceTree = "<group>"; };
		CA780C51245BC8D70052D65B /* SmsService.swift */ = {isa = PBXFileReference; lastKnownFileType = sourcecode.swift; path = SmsService.swift; sourceTree = "<group>"; };
		CA88E6A2245E56BF00C15809 /* AccountType.swift */ = {isa = PBXFileReference; lastKnownFileType = sourcecode.swift; path = AccountType.swift; sourceTree = "<group>"; };
		CA88E6A4245EEB2A00C15809 /* RegistrationViewTest.swift */ = {isa = PBXFileReference; lastKnownFileType = sourcecode.swift; path = RegistrationViewTest.swift; sourceTree = "<group>"; };
		CA9EBF12245A2EEC00380442 /* R.generated.swift */ = {isa = PBXFileReference; fileEncoding = 4; lastKnownFileType = sourcecode.swift; path = R.generated.swift; sourceTree = SOURCE_ROOT; };
		CA9EBF16245A428500380442 /* Colors.swift */ = {isa = PBXFileReference; lastKnownFileType = sourcecode.swift; path = Colors.swift; sourceTree = "<group>"; };
		CAB484D3245E069C00F31870 /* UserDefaultList.swift */ = {isa = PBXFileReference; lastKnownFileType = sourcecode.swift; path = UserDefaultList.swift; sourceTree = "<group>"; };
		CAC37EAA245E287F00BEB7D6 /* String+Random.swift */ = {isa = PBXFileReference; lastKnownFileType = sourcecode.swift; path = "String+Random.swift"; sourceTree = "<group>"; };
		CAC37EAD245E2D1200BEB7D6 /* ProfilePilotView.swift */ = {isa = PBXFileReference; lastKnownFileType = sourcecode.swift; path = ProfilePilotView.swift; sourceTree = "<group>"; };
		CAC37EAF245E2D2200BEB7D6 /* ProfileOwnerView.swift */ = {isa = PBXFileReference; lastKnownFileType = sourcecode.swift; path = ProfileOwnerView.swift; sourceTree = "<group>"; };
		CAC37EB1245E2D3100BEB7D6 /* ProfilePassengerView.swift */ = {isa = PBXFileReference; lastKnownFileType = sourcecode.swift; path = ProfilePassengerView.swift; sourceTree = "<group>"; };
		CAC37EB3245E2E1700BEB7D6 /* ProfileTemplateDelete.swift */ = {isa = PBXFileReference; lastKnownFileType = sourcecode.swift; path = ProfileTemplateDelete.swift; sourceTree = "<group>"; };
		CAC37EB8245E41D800BEB7D6 /* BaseApplyButtonView.swift */ = {isa = PBXFileReference; lastKnownFileType = sourcecode.swift; path = BaseApplyButtonView.swift; sourceTree = "<group>"; };
		CAE0A793245D04E600224FED /* StatusResponse.swift */ = {isa = PBXFileReference; lastKnownFileType = sourcecode.swift; path = StatusResponse.swift; sourceTree = "<group>"; };
		CAFE7B23245A211100167140 /* Plane Rent.app */ = {isa = PBXFileReference; explicitFileType = wrapper.application; includeInIndex = 0; path = "Plane Rent.app"; sourceTree = BUILT_PRODUCTS_DIR; };
		CAFE7B26245A211100167140 /* AppDelegate.swift */ = {isa = PBXFileReference; lastKnownFileType = sourcecode.swift; path = AppDelegate.swift; sourceTree = "<group>"; };
		CAFE7B28245A211100167140 /* SceneDelegate.swift */ = {isa = PBXFileReference; lastKnownFileType = sourcecode.swift; path = SceneDelegate.swift; sourceTree = "<group>"; };
		CAFE7B2A245A211100167140 /* InputPhoneView.swift */ = {isa = PBXFileReference; lastKnownFileType = sourcecode.swift; path = InputPhoneView.swift; sourceTree = "<group>"; };
		CAFE7B2C245A211300167140 /* Assets.xcassets */ = {isa = PBXFileReference; lastKnownFileType = folder.assetcatalog; path = Assets.xcassets; sourceTree = "<group>"; };
		CAFE7B2F245A211300167140 /* Preview Assets.xcassets */ = {isa = PBXFileReference; lastKnownFileType = folder.assetcatalog; path = "Preview Assets.xcassets"; sourceTree = "<group>"; };
		CAFE7B32245A211300167140 /* Base */ = {isa = PBXFileReference; lastKnownFileType = file.storyboard; name = Base; path = Base.lproj/LaunchScreen.storyboard; sourceTree = "<group>"; };
		CAFE7B34245A211300167140 /* Info.plist */ = {isa = PBXFileReference; lastKnownFileType = text.plist.xml; path = Info.plist; sourceTree = "<group>"; };
		CFC794689D48A2593D75BECE /* Pods_Plane_Rent.framework */ = {isa = PBXFileReference; explicitFileType = wrapper.framework; includeInIndex = 0; path = Pods_Plane_Rent.framework; sourceTree = BUILT_PRODUCTS_DIR; };
		ED07593FA36261D73D3F79CE /* Pods-Plane Rent.debug.xcconfig */ = {isa = PBXFileReference; includeInIndex = 1; lastKnownFileType = text.xcconfig; name = "Pods-Plane Rent.debug.xcconfig"; path = "Target Support Files/Pods-Plane Rent/Pods-Plane Rent.debug.xcconfig"; sourceTree = "<group>"; };
/* End PBXFileReference section */

/* Begin PBXFrameworksBuildPhase section */
		CAFE7B20245A211100167140 /* Frameworks */ = {
			isa = PBXFrameworksBuildPhase;
			buildActionMask = 2147483647;
			files = (
				D7943DA5329FD04339FA6950 /* Pods_Plane_Rent.framework in Frameworks */,
			);
			runOnlyForDeploymentPostprocessing = 0;
		};
/* End PBXFrameworksBuildPhase section */

/* Begin PBXGroup section */
		37DB29307B9358AAF7FBDEB7 /* Pods */ = {
			isa = PBXGroup;
			children = (
				ED07593FA36261D73D3F79CE /* Pods-Plane Rent.debug.xcconfig */,
				C0E1DEFAD280620FA7BB0981 /* Pods-Plane Rent.release.xcconfig */,
			);
			path = Pods;
			sourceTree = "<group>";
		};
		CA0BA78D245A63AF00A9F992 /* Extensions */ = {
			isa = PBXGroup;
			children = (
				CA0BA78E245A63FB00A9F992 /* UIApplication+endEditing.swift */,
				CA0BA790245A6CBF00A9F992 /* DismissingKeyboard.swift */,
				CA63B447245DA60600AFC7EF /* Color+Hex.swift */,
				CAC37EAA245E287F00BEB7D6 /* String+Random.swift */,
			);
			path = Extensions;
			sourceTree = "<group>";
		};
		CA38BCFB245D9E6E009EF2EF /* InputPhone */ = {
			isa = PBXGroup;
			children = (
				CAFE7B2A245A211100167140 /* InputPhoneView.swift */,
				CA38BCF9245D9E25009EF2EF /* InputPhoneController.swift */,
			);
			path = InputPhone;
			sourceTree = "<group>";
		};
		CA63B441245DA00A00AFC7EF /* InputSms */ = {
			isa = PBXGroup;
			children = (
				CA63B443245DA04600AFC7EF /* InputSmsView.swift */,
			);
			path = InputSms;
			sourceTree = "<group>";
		};
		CA63B442245DA02500AFC7EF /* Registration */ = {
			isa = PBXGroup;
			children = (
				CA63B445245DA05F00AFC7EF /* RegistrationView.swift */,
				CA88E6A4245EEB2A00C15809 /* RegistrationViewTest.swift */,
			);
			path = Registration;
			sourceTree = "<group>";
		};
		CA780C47245BC4700052D65B /* Networking */ = {
			isa = PBXGroup;
			children = (
				CA780C51245BC8D70052D65B /* SmsService.swift */,
				CAE0A793245D04E600224FED /* StatusResponse.swift */,
			);
			path = Networking;
			sourceTree = "<group>";
		};
		CA9EBF11245A2EC200380442 /* Resources */ = {
			isa = PBXGroup;
			children = (
				CAFE7B2C245A211300167140 /* Assets.xcassets */,
				CA9EBF12245A2EEC00380442 /* R.generated.swift */,
				CA9EBF16245A428500380442 /* Colors.swift */,
				CA780C4F245BC7560052D65B /* Links.swift */,
				CA88E6A2245E56BF00C15809 /* AccountType.swift */,
			);
			path = Resources;
			sourceTree = "<group>";
		};
		CA9EBF18245A573200380442 /* Screens */ = {
			isa = PBXGroup;
			children = (
				CAC37EAC245E2CB400BEB7D6 /* Profiles */,
				CA63B442245DA02500AFC7EF /* Registration */,
				CA63B441245DA00A00AFC7EF /* InputSms */,
				CA38BCFB245D9E6E009EF2EF /* InputPhone */,
			);
			path = Screens;
			sourceTree = "<group>";
		};
		CA9EBF19245A574300380442 /* System */ = {
			isa = PBXGroup;
			children = (
				CAFE7B26245A211100167140 /* AppDelegate.swift */,
				CAFE7B28245A211100167140 /* SceneDelegate.swift */,
			);
			path = System;
			sourceTree = "<group>";
		};
		CAC37EAC245E2CB400BEB7D6 /* Profiles */ = {
			isa = PBXGroup;
			children = (
				CAC37EAD245E2D1200BEB7D6 /* ProfilePilotView.swift */,
				CAC37EAF245E2D2200BEB7D6 /* ProfileOwnerView.swift */,
				CAC37EB1245E2D3100BEB7D6 /* ProfilePassengerView.swift */,
				CAC37EB3245E2E1700BEB7D6 /* ProfileTemplateDelete.swift */,
			);
			path = Profiles;
			sourceTree = "<group>";
		};
		CAC37EB5245E3F9000BEB7D6 /* UIElement */ = {
			isa = PBXGroup;
			children = (
				CAC37EB8245E41D800BEB7D6 /* BaseApplyButtonView.swift */,
			);
			path = UIElement;
			sourceTree = "<group>";
		};
		CAFE7B1A245A211100167140 = {
			isa = PBXGroup;
			children = (
				CAFE7B25245A211100167140 /* Plane Rent */,
				CAFE7B24245A211100167140 /* Products */,
				37DB29307B9358AAF7FBDEB7 /* Pods */,
				D2C948221957CD742EF99798 /* Frameworks */,
			);
			sourceTree = "<group>";
		};
		CAFE7B24245A211100167140 /* Products */ = {
			isa = PBXGroup;
			children = (
				CAFE7B23245A211100167140 /* Plane Rent.app */,
			);
			name = Products;
			sourceTree = "<group>";
		};
		CAFE7B25245A211100167140 /* Plane Rent */ = {
			isa = PBXGroup;
			children = (
				CA9EBF11245A2EC200380442 /* Resources */,
				CA780C47245BC4700052D65B /* Networking */,
				CA0BA78D245A63AF00A9F992 /* Extensions */,
				CA9EBF19245A574300380442 /* System */,
				CA9EBF18245A573200380442 /* Screens */,
				CAC37EB5245E3F9000BEB7D6 /* UIElement */,
				CAFE7B2E245A211300167140 /* Preview Content */,
				CAFE7B34245A211300167140 /* Info.plist */,
				CAFE7B31245A211300167140 /* LaunchScreen.storyboard */,
				CAB484D3245E069C00F31870 /* UserDefaultList.swift */,
			);
			path = "Plane Rent";
			sourceTree = "<group>";
		};
		CAFE7B2E245A211300167140 /* Preview Content */ = {
			isa = PBXGroup;
			children = (
				CAFE7B2F245A211300167140 /* Preview Assets.xcassets */,
			);
			path = "Preview Content";
			sourceTree = "<group>";
		};
		D2C948221957CD742EF99798 /* Frameworks */ = {
			isa = PBXGroup;
			children = (
				CFC794689D48A2593D75BECE /* Pods_Plane_Rent.framework */,
			);
			name = Frameworks;
			sourceTree = "<group>";
		};
/* End PBXGroup section */

/* Begin PBXNativeTarget section */
		CAFE7B22245A211100167140 /* Plane Rent */ = {
			isa = PBXNativeTarget;
			buildConfigurationList = CAFE7B37245A211300167140 /* Build configuration list for PBXNativeTarget "Plane Rent" */;
			buildPhases = (
				3ADAF9A791CAE594A655FEA6 /* [CP] Check Pods Manifest.lock */,
				CA9EBF10245A2DC200380442 /* R.swift */,
				CAFE7B1F245A211100167140 /* Sources */,
				CAFE7B20245A211100167140 /* Frameworks */,
				CAFE7B21245A211100167140 /* Resources */,
				D596DC5C54A9C00E7FA8C27A /* [CP] Embed Pods Frameworks */,
			);
			buildRules = (
			);
			dependencies = (
			);
			name = "Plane Rent";
			productName = "Plane Rent";
			productReference = CAFE7B23245A211100167140 /* Plane Rent.app */;
			productType = "com.apple.product-type.application";
		};
/* End PBXNativeTarget section */

/* Begin PBXProject section */
		CAFE7B1B245A211100167140 /* Project object */ = {
			isa = PBXProject;
			attributes = {
				LastSwiftUpdateCheck = 1140;
				LastUpgradeCheck = 1140;
				ORGANIZATIONNAME = Slacklab;
				TargetAttributes = {
					CAFE7B22245A211100167140 = {
						CreatedOnToolsVersion = 11.4;
					};
				};
			};
			buildConfigurationList = CAFE7B1E245A211100167140 /* Build configuration list for PBXProject "Plane Rent" */;
			compatibilityVersion = "Xcode 9.3";
			developmentRegion = en;
			hasScannedForEncodings = 0;
			knownRegions = (
				en,
				Base,
			);
			mainGroup = CAFE7B1A245A211100167140;
			productRefGroup = CAFE7B24245A211100167140 /* Products */;
			projectDirPath = "";
			projectRoot = "";
			targets = (
				CAFE7B22245A211100167140 /* Plane Rent */,
			);
		};
/* End PBXProject section */

/* Begin PBXResourcesBuildPhase section */
		CAFE7B21245A211100167140 /* Resources */ = {
			isa = PBXResourcesBuildPhase;
			buildActionMask = 2147483647;
			files = (
				CAFE7B33245A211300167140 /* LaunchScreen.storyboard in Resources */,
				CAFE7B30245A211300167140 /* Preview Assets.xcassets in Resources */,
				CAFE7B2D245A211300167140 /* Assets.xcassets in Resources */,
			);
			runOnlyForDeploymentPostprocessing = 0;
		};
/* End PBXResourcesBuildPhase section */

/* Begin PBXShellScriptBuildPhase section */
		3ADAF9A791CAE594A655FEA6 /* [CP] Check Pods Manifest.lock */ = {
			isa = PBXShellScriptBuildPhase;
			buildActionMask = 2147483647;
			files = (
			);
			inputFileListPaths = (
			);
			inputPaths = (
				"${PODS_PODFILE_DIR_PATH}/Podfile.lock",
				"${PODS_ROOT}/Manifest.lock",
			);
			name = "[CP] Check Pods Manifest.lock";
			outputFileListPaths = (
			);
			outputPaths = (
				"$(DERIVED_FILE_DIR)/Pods-Plane Rent-checkManifestLockResult.txt",
			);
			runOnlyForDeploymentPostprocessing = 0;
			shellPath = /bin/sh;
			shellScript = "diff \"${PODS_PODFILE_DIR_PATH}/Podfile.lock\" \"${PODS_ROOT}/Manifest.lock\" > /dev/null\nif [ $? != 0 ] ; then\n    # print error to STDERR\n    echo \"error: The sandbox is not in sync with the Podfile.lock. Run 'pod install' or update your CocoaPods installation.\" >&2\n    exit 1\nfi\n# This output is used by Xcode 'outputs' to avoid re-running this script phase.\necho \"SUCCESS\" > \"${SCRIPT_OUTPUT_FILE_0}\"\n";
			showEnvVarsInLog = 0;
		};
		CA9EBF10245A2DC200380442 /* R.swift */ = {
			isa = PBXShellScriptBuildPhase;
			buildActionMask = 2147483647;
			files = (
			);
			inputFileListPaths = (
			);
			inputPaths = (
				"$TEMP_DIR/rswift-lastrun",
			);
			name = R.swift;
			outputFileListPaths = (
			);
			outputPaths = (
				$SRCROOT/R.generated.swift,
			);
			runOnlyForDeploymentPostprocessing = 0;
			shellPath = /bin/sh;
			shellScript = "\"$PODS_ROOT/R.swift/rswift\" generate \"$SRCROOT/R.generated.swift\"\n";
		};
		D596DC5C54A9C00E7FA8C27A /* [CP] Embed Pods Frameworks */ = {
			isa = PBXShellScriptBuildPhase;
			buildActionMask = 2147483647;
			files = (
			);
			inputFileListPaths = (
				"${PODS_ROOT}/Target Support Files/Pods-Plane Rent/Pods-Plane Rent-frameworks-${CONFIGURATION}-input-files.xcfilelist",
			);
			name = "[CP] Embed Pods Frameworks";
			outputFileListPaths = (
				"${PODS_ROOT}/Target Support Files/Pods-Plane Rent/Pods-Plane Rent-frameworks-${CONFIGURATION}-output-files.xcfilelist",
			);
			runOnlyForDeploymentPostprocessing = 0;
			shellPath = /bin/sh;
			shellScript = "\"${PODS_ROOT}/Target Support Files/Pods-Plane Rent/Pods-Plane Rent-frameworks.sh\"\n";
			showEnvVarsInLog = 0;
		};
/* End PBXShellScriptBuildPhase section */

/* Begin PBXSourcesBuildPhase section */
		CAFE7B1F245A211100167140 /* Sources */ = {
			isa = PBXSourcesBuildPhase;
			buildActionMask = 2147483647;
			files = (
				CAFE7B27245A211100167140 /* AppDelegate.swift in Sources */,
				CAC37EAB245E287F00BEB7D6 /* String+Random.swift in Sources */,
				CAC37EB4245E2E1700BEB7D6 /* ProfileTemplateDelete.swift in Sources */,
				CAC37EB9245E41D800BEB7D6 /* BaseApplyButtonView.swift in Sources */,
				CAC37EB0245E2D2200BEB7D6 /* ProfileOwnerView.swift in Sources */,
				CA0BA78F245A63FB00A9F992 /* UIApplication+endEditing.swift in Sources */,
				CA38BCFA245D9E25009EF2EF /* InputPhoneController.swift in Sources */,
				CA63B446245DA05F00AFC7EF /* RegistrationView.swift in Sources */,
				CA63B448245DA60600AFC7EF /* Color+Hex.swift in Sources */,
				CA88E6A5245EEB2A00C15809 /* RegistrationViewTest.swift in Sources */,
				CAC37EAE245E2D1200BEB7D6 /* ProfilePilotView.swift in Sources */,
				CA780C52245BC8D70052D65B /* SmsService.swift in Sources */,
				CAE0A794245D04E600224FED /* StatusResponse.swift in Sources */,
				CA9EBF17245A428500380442 /* Colors.swift in Sources */,
				CAFE7B29245A211100167140 /* SceneDelegate.swift in Sources */,
				CA0BA791245A6CBF00A9F992 /* DismissingKeyboard.swift in Sources */,
				CA780C50245BC7560052D65B /* Links.swift in Sources */,
				CAC37EB2245E2D3100BEB7D6 /* ProfilePassengerView.swift in Sources */,
				CAFE7B2B245A211100167140 /* InputPhoneView.swift in Sources */,
				CA9EBF13245A2EEC00380442 /* R.generated.swift in Sources */,
				CAB484D4245E069C00F31870 /* UserDefaultList.swift in Sources */,
				CA63B444245DA04600AFC7EF /* InputSmsView.swift in Sources */,
				CA88E6A3245E56BF00C15809 /* AccountType.swift in Sources */,
			);
			runOnlyForDeploymentPostprocessing = 0;
		};
/* End PBXSourcesBuildPhase section */

/* Begin PBXVariantGroup section */
		CAFE7B31245A211300167140 /* LaunchScreen.storyboard */ = {
			isa = PBXVariantGroup;
			children = (
				CAFE7B32245A211300167140 /* Base */,
			);
			name = LaunchScreen.storyboard;
			sourceTree = "<group>";
		};
/* End PBXVariantGroup section */

/* Begin XCBuildConfiguration section */
		CAFE7B35245A211300167140 /* Debug */ = {
			isa = XCBuildConfiguration;
			buildSettings = {
				ALWAYS_SEARCH_USER_PATHS = NO;
				CLANG_ANALYZER_NONNULL = YES;
				CLANG_ANALYZER_NUMBER_OBJECT_CONVERSION = YES_AGGRESSIVE;
				CLANG_CXX_LANGUAGE_STANDARD = "gnu++14";
				CLANG_CXX_LIBRARY = "libc++";
				CLANG_ENABLE_MODULES = YES;
				CLANG_ENABLE_OBJC_ARC = YES;
				CLANG_ENABLE_OBJC_WEAK = YES;
				CLANG_WARN_BLOCK_CAPTURE_AUTORELEASING = YES;
				CLANG_WARN_BOOL_CONVERSION = YES;
				CLANG_WARN_COMMA = YES;
				CLANG_WARN_CONSTANT_CONVERSION = YES;
				CLANG_WARN_DEPRECATED_OBJC_IMPLEMENTATIONS = YES;
				CLANG_WARN_DIRECT_OBJC_ISA_USAGE = YES_ERROR;
				CLANG_WARN_DOCUMENTATION_COMMENTS = YES;
				CLANG_WARN_EMPTY_BODY = YES;
				CLANG_WARN_ENUM_CONVERSION = YES;
				CLANG_WARN_INFINITE_RECURSION = YES;
				CLANG_WARN_INT_CONVERSION = YES;
				CLANG_WARN_NON_LITERAL_NULL_CONVERSION = YES;
				CLANG_WARN_OBJC_IMPLICIT_RETAIN_SELF = YES;
				CLANG_WARN_OBJC_LITERAL_CONVERSION = YES;
				CLANG_WARN_OBJC_ROOT_CLASS = YES_ERROR;
				CLANG_WARN_RANGE_LOOP_ANALYSIS = YES;
				CLANG_WARN_STRICT_PROTOTYPES = YES;
				CLANG_WARN_SUSPICIOUS_MOVE = YES;
				CLANG_WARN_UNGUARDED_AVAILABILITY = YES_AGGRESSIVE;
				CLANG_WARN_UNREACHABLE_CODE = YES;
				CLANG_WARN__DUPLICATE_METHOD_MATCH = YES;
				COPY_PHASE_STRIP = NO;
				DEBUG_INFORMATION_FORMAT = dwarf;
				ENABLE_STRICT_OBJC_MSGSEND = YES;
				ENABLE_TESTABILITY = YES;
				GCC_C_LANGUAGE_STANDARD = gnu11;
				GCC_DYNAMIC_NO_PIC = NO;
				GCC_NO_COMMON_BLOCKS = YES;
				GCC_OPTIMIZATION_LEVEL = 0;
				GCC_PREPROCESSOR_DEFINITIONS = (
					"DEBUG=1",
					"$(inherited)",
				);
				GCC_WARN_64_TO_32_BIT_CONVERSION = YES;
				GCC_WARN_ABOUT_RETURN_TYPE = YES_ERROR;
				GCC_WARN_UNDECLARED_SELECTOR = YES;
				GCC_WARN_UNINITIALIZED_AUTOS = YES_AGGRESSIVE;
				GCC_WARN_UNUSED_FUNCTION = YES;
				GCC_WARN_UNUSED_VARIABLE = YES;
				IPHONEOS_DEPLOYMENT_TARGET = 13.0;
				MTL_ENABLE_DEBUG_INFO = INCLUDE_SOURCE;
				MTL_FAST_MATH = YES;
				ONLY_ACTIVE_ARCH = YES;
				SDKROOT = iphoneos;
				SWIFT_ACTIVE_COMPILATION_CONDITIONS = DEBUG;
				SWIFT_OPTIMIZATION_LEVEL = "-Onone";
			};
			name = Debug;
		};
		CAFE7B36245A211300167140 /* Release */ = {
			isa = XCBuildConfiguration;
			buildSettings = {
				ALWAYS_SEARCH_USER_PATHS = NO;
				CLANG_ANALYZER_NONNULL = YES;
				CLANG_ANALYZER_NUMBER_OBJECT_CONVERSION = YES_AGGRESSIVE;
				CLANG_CXX_LANGUAGE_STANDARD = "gnu++14";
				CLANG_CXX_LIBRARY = "libc++";
				CLANG_ENABLE_MODULES = YES;
				CLANG_ENABLE_OBJC_ARC = YES;
				CLANG_ENABLE_OBJC_WEAK = YES;
				CLANG_WARN_BLOCK_CAPTURE_AUTORELEASING = YES;
				CLANG_WARN_BOOL_CONVERSION = YES;
				CLANG_WARN_COMMA = YES;
				CLANG_WARN_CONSTANT_CONVERSION = YES;
				CLANG_WARN_DEPRECATED_OBJC_IMPLEMENTATIONS = YES;
				CLANG_WARN_DIRECT_OBJC_ISA_USAGE = YES_ERROR;
				CLANG_WARN_DOCUMENTATION_COMMENTS = YES;
				CLANG_WARN_EMPTY_BODY = YES;
				CLANG_WARN_ENUM_CONVERSION = YES;
				CLANG_WARN_INFINITE_RECURSION = YES;
				CLANG_WARN_INT_CONVERSION = YES;
				CLANG_WARN_NON_LITERAL_NULL_CONVERSION = YES;
				CLANG_WARN_OBJC_IMPLICIT_RETAIN_SELF = YES;
				CLANG_WARN_OBJC_LITERAL_CONVERSION = YES;
				CLANG_WARN_OBJC_ROOT_CLASS = YES_ERROR;
				CLANG_WARN_RANGE_LOOP_ANALYSIS = YES;
				CLANG_WARN_STRICT_PROTOTYPES = YES;
				CLANG_WARN_SUSPICIOUS_MOVE = YES;
				CLANG_WARN_UNGUARDED_AVAILABILITY = YES_AGGRESSIVE;
				CLANG_WARN_UNREACHABLE_CODE = YES;
				CLANG_WARN__DUPLICATE_METHOD_MATCH = YES;
				COPY_PHASE_STRIP = NO;
				DEBUG_INFORMATION_FORMAT = "dwarf-with-dsym";
				ENABLE_NS_ASSERTIONS = NO;
				ENABLE_STRICT_OBJC_MSGSEND = YES;
				GCC_C_LANGUAGE_STANDARD = gnu11;
				GCC_NO_COMMON_BLOCKS = YES;
				GCC_WARN_64_TO_32_BIT_CONVERSION = YES;
				GCC_WARN_ABOUT_RETURN_TYPE = YES_ERROR;
				GCC_WARN_UNDECLARED_SELECTOR = YES;
				GCC_WARN_UNINITIALIZED_AUTOS = YES_AGGRESSIVE;
				GCC_WARN_UNUSED_FUNCTION = YES;
				GCC_WARN_UNUSED_VARIABLE = YES;
				IPHONEOS_DEPLOYMENT_TARGET = 13.0;
				MTL_ENABLE_DEBUG_INFO = NO;
				MTL_FAST_MATH = YES;
				SDKROOT = iphoneos;
				SWIFT_COMPILATION_MODE = wholemodule;
				SWIFT_OPTIMIZATION_LEVEL = "-O";
				VALIDATE_PRODUCT = YES;
			};
			name = Release;
		};
		CAFE7B38245A211300167140 /* Debug */ = {
			isa = XCBuildConfiguration;
			baseConfigurationReference = ED07593FA36261D73D3F79CE /* Pods-Plane Rent.debug.xcconfig */;
			buildSettings = {
				ASSETCATALOG_COMPILER_APPICON_NAME = AppIcon;
				CODE_SIGN_STYLE = Automatic;
				DEVELOPMENT_ASSET_PATHS = "\"Plane Rent/Preview Content\"";
				DEVELOPMENT_TEAM = H333A6BLFX;
				ENABLE_PREVIEWS = YES;
				INFOPLIST_FILE = "Plane Rent/Info.plist";
				LD_RUNPATH_SEARCH_PATHS = (
					"$(inherited)",
					"@executable_path/Frameworks",
				);
				PRODUCT_BUNDLE_IDENTIFIER = "IS.Plane-Rent";
				PRODUCT_NAME = "$(TARGET_NAME)";
				SWIFT_VERSION = 5.0;
				TARGETED_DEVICE_FAMILY = "1,2";
			};
			name = Debug;
		};
		CAFE7B39245A211300167140 /* Release */ = {
			isa = XCBuildConfiguration;
			baseConfigurationReference = C0E1DEFAD280620FA7BB0981 /* Pods-Plane Rent.release.xcconfig */;
			buildSettings = {
				ASSETCATALOG_COMPILER_APPICON_NAME = AppIcon;
				CODE_SIGN_STYLE = Automatic;
				DEVELOPMENT_ASSET_PATHS = "\"Plane Rent/Preview Content\"";
				DEVELOPMENT_TEAM = H333A6BLFX;
				ENABLE_PREVIEWS = YES;
				INFOPLIST_FILE = "Plane Rent/Info.plist";
				LD_RUNPATH_SEARCH_PATHS = (
					"$(inherited)",
					"@executable_path/Frameworks",
				);
				PRODUCT_BUNDLE_IDENTIFIER = "IS.Plane-Rent";
				PRODUCT_NAME = "$(TARGET_NAME)";
				SWIFT_VERSION = 5.0;
				TARGETED_DEVICE_FAMILY = "1,2";
			};
			name = Release;
		};
/* End XCBuildConfiguration section */

/* Begin XCConfigurationList section */
		CAFE7B1E245A211100167140 /* Build configuration list for PBXProject "Plane Rent" */ = {
			isa = XCConfigurationList;
			buildConfigurations = (
				CAFE7B35245A211300167140 /* Debug */,
				CAFE7B36245A211300167140 /* Release */,
			);
			defaultConfigurationIsVisible = 0;
			defaultConfigurationName = Release;
		};
		CAFE7B37245A211300167140 /* Build configuration list for PBXNativeTarget "Plane Rent" */ = {
			isa = XCConfigurationList;
			buildConfigurations = (
				CAFE7B38245A211300167140 /* Debug */,
				CAFE7B39245A211300167140 /* Release */,
			);
			defaultConfigurationIsVisible = 0;
			defaultConfigurationName = Release;
		};
/* End XCConfigurationList section */
	};
	rootObject = CAFE7B1B245A211100167140 /* Project object */;
}
